{
    "_readme": [
        "This file locks the dependencies of your project to a known state",
        "Read more about it at https://getcomposer.org/doc/01-basic-usage.md#installing-dependencies",
        "This file is @generated automatically"
    ],
    "content-hash": "2e43f02df3a5bd62b453b2d7c3469c26",
    "packages": [
        {
            "name": "squizlabs/php_codesniffer",
            "version": "3.4.2",
            "source": {
                "type": "git",
                "url": "https://github.com/squizlabs/PHP_CodeSniffer.git",
                "reference": "b8a7362af1cc1aadb5bd36c3defc4dda2cf5f0a8"
            },
            "dist": {
                "type": "zip",
                "url": "https://api.github.com/repos/squizlabs/PHP_CodeSniffer/zipball/b8a7362af1cc1aadb5bd36c3defc4dda2cf5f0a8",
                "reference": "b8a7362af1cc1aadb5bd36c3defc4dda2cf5f0a8",
                "shasum": ""
            },
            "require": {
                "ext-simplexml": "*",
                "ext-tokenizer": "*",
                "ext-xmlwriter": "*",
                "php": ">=5.4.0"
            },
            "require-dev": {
                "phpunit/phpunit": "^4.0 || ^5.0 || ^6.0 || ^7.0"
            },
            "bin": [
                "bin/phpcs",
                "bin/phpcbf"
            ],
            "type": "library",
            "extra": {
                "branch-alias": {
                    "dev-master": "3.x-dev"
                }
            },
            "notification-url": "https://packagist.org/downloads/",
            "license": [
                "BSD-3-Clause"
            ],
            "authors": [
                {
                    "name": "Greg Sherwood",
                    "role": "lead"
                }
            ],
            "description": "PHP_CodeSniffer tokenizes PHP, JavaScript and CSS files and detects violations of a defined set of coding standards.",
            "homepage": "https://github.com/squizlabs/PHP_CodeSniffer",
            "keywords": [
                "phpcs",
                "standards"
            ],
            "time": "2019-04-10T23:49:02+00:00"
        },
        {
            "name": "symfony/requirements-checker",
            "version": "v1.1.4",
            "source": {
                "type": "git",
                "url": "https://github.com/symfony/requirements-checker.git",
                "reference": "8151a5deeec2725693b37a5f409a26b2a8a4d5f3"
            },
            "dist": {
                "type": "zip",
                "url": "https://api.github.com/repos/symfony/requirements-checker/zipball/8151a5deeec2725693b37a5f409a26b2a8a4d5f3",
                "reference": "8151a5deeec2725693b37a5f409a26b2a8a4d5f3",
                "shasum": ""
            },
            "require": {
                "php": ">=5.3.9"
            },
            "bin": [
                "bin/requirements-checker"
            ],
            "type": "library",
            "extra": {
                "branch-alias": {
                    "dev-master": "1.1.x-dev"
                }
            },
            "autoload": {
                "psr-4": {
                    "Symfony\\Requirements\\": "src/"
                }
            },
            "notification-url": "https://packagist.org/downloads/",
            "license": [
                "MIT"
            ],
            "authors": [
                {
                    "name": "Fabien Potencier",
                    "email": "fabien@symfony.com"
                }
            ],
            "description": "Check Symfony requirements and give recommendations",
            "keywords": [
                "configuration",
                "distribution"
            ],
            "time": "2018-12-22T08:23:45+00:00"
        }
    ],
    "packages-dev": [],
    "aliases": [],
    "minimum-stability": "stable",
    "stability-flags": [],
    "prefer-stable": false,
    "prefer-lowest": false,
    "platform": [],
    "platform-dev": []
}
